
Microsoft Visual Studio Solution File, Format Version 12.00
# Visual Studio Version 16
VisualStudioVersion = 16.0.31729.503
MinimumVisualStudioVersion = 10.0.40219.1
Project("{FAE04EC0-301F-11D3-BF4B-00C04F79EFBC}") = "CreateSaveReadPreviewPrintFiles", "CreateSaveReadPreviewPrintFiles.csproj", "{9FFA9F27-686E-4583-BE0F-7DBA5C247060}"
EndProject
Global
	GlobalSection(SolutionConfigurationPlatforms) = preSolution
		Debug|Any CPU = Debug|Any CPU
		Release|Any CPU = Release|Any CPU
	EndGlobalSection
	GlobalSection(ProjectConfigurationPlatforms) = postSolution
		{9FFA9F27-686E-4583-BE0F-7DBA5C247060}.Debug|Any CPU.ActiveCfg = Debug|Any CPU
		{9FFA9F27-686E-4583-BE0F-7DBA5C247060}.Debug|Any CPU.Build.0 = Debug|Any CPU
		{9FFA9F27-686E-4583-BE0F-7DBA5C247060}.Release|Any CPU.ActiveCfg = Release|Any CPU
		{9FFA9F27-686E-4583-BE0F-7DBA5C247060}.Release|Any CPU.Build.0 = Release|Any CPU
	EndGlobalSection
	GlobalSection(SolutionProperties) = preSolution
		HideSolutionNode = FALSE
	EndGlobalSection
	GlobalSection(ExtensibilityGlobals) = postSolution
		SolutionGuid = {E2A37400-B45B-4AF6-AA46-15AAF5745A0A}
	EndGlobalSection
EndGlobal
